
Microsoft Visual Studio Solution File, Format Version 12.00
# Visual Studio Version 16
VisualStudioVersion = 16.0.32802.440
MinimumVisualStudioVersion = 10.0.40219.1
Project("{FAE04EC0-301F-11D3-BF4B-00C04F79EFBC}") = "Specflow", "SpecflowTest\SpecflowTest.csproj", "{30F64E2F-921F-40B8-9E5C-FB1BAA001AF1}"
EndProject
Global
	GlobalSection(SolutionConfigurationPlatforms) = preSolution
		Debug|Any CPU = Debug|Any CPU
		Release|Any CPU = Release|Any CPU
	EndGlobalSection
	GlobalSection(ProjectConfigurationPlatforms) = postSolution
		{7219D264-099B-4307-A684-CCB2F6E122FB}.Debug|Any CPU.ActiveCfg = Debug|Any CPU
		{7219D264-099B-4307-A684-CCB2F6E122FB}.Debug|Any CPU.Build.0 = Debug|Any CPU
		{7219D264-099B-4307-A684-CCB2F6E122FB}.Release|Any CPU.ActiveCfg = Release|Any CPU
		{7219D264-099B-4307-A684-CCB2F6E122FB}.Release|Any CPU.Build.0 = Release|Any CPU
		{30F64E2F-921F-40B8-9E5C-FB1BAA001AF1}.Debug|Any CPU.ActiveCfg = Debug|Any CPU
		{30F64E2F-921F-40B8-9E5C-FB1BAA001AF1}.Debug|Any CPU.Build.0 = Debug|Any CPU
		{30F64E2F-921F-40B8-9E5C-FB1BAA001AF1}.Release|Any CPU.ActiveCfg = Release|Any CPU
		{30F64E2F-921F-40B8-9E5C-FB1BAA001AF1}.Release|Any CPU.Build.0 = Release|Any CPU
	EndGlobalSection
	GlobalSection(SolutionProperties) = preSolution
		HideSolutionNode = FALSE
	EndGlobalSection
	GlobalSection(ExtensibilityGlobals) = postSolution
		SolutionGuid = {2844AB0C-70F4-4BA4-A818-1334B7855888}
	EndGlobalSection
EndGlobal
